
Microsoft Visual Studio Solution File, Format Version 12.00
# Visual Studio Version 16
VisualStudioVersion = 16.0.31829.152
MinimumVisualStudioVersion = 10.0.40219.1
Project("{FAE04EC0-301F-11D3-BF4B-00C04F79EFBC}") = "Aplicatie_desktop", "Aplicatie_desktop.csproj", "{510F4986-9E94-443B-B62F-F78F51962353}"
EndProject
Project("{FAE04EC0-301F-11D3-BF4B-00C04F79EFBC}") = "SalaFitnessModel", "..\SalaFitnessModel\SalaFitnessModel.csproj", "{F8BB0ADE-0098-4C92-BB07-7A3120302945}"
EndProject
Project("{9A19103F-16F7-4668-BE54-9A1E7A4F7556}") = "Aplicatie_mobile", "..\Aplicatie_mobile\Aplicatie_mobile\Aplicatie_mobile.csproj", "{8D232463-A55C-4ADE-AA9D-BF5C6F8AA111}"
EndProject
Project("{9A19103F-16F7-4668-BE54-9A1E7A4F7556}") = "Aplicatie_Web", "..\Aplicatie_Web\Aplicatie_Web\Aplicatie_Web.csproj", "{18340A1B-B3F8-4806-A208-508F59FB8A07}"
EndProject
Global
	GlobalSection(SolutionConfigurationPlatforms) = preSolution
		Debug|Any CPU = Debug|Any CPU
		Release|Any CPU = Release|Any CPU
	EndGlobalSection
	GlobalSection(ProjectConfigurationPlatforms) = postSolution
		{510F4986-9E94-443B-B62F-F78F51962353}.Debug|Any CPU.ActiveCfg = Debug|Any CPU
		{510F4986-9E94-443B-B62F-F78F51962353}.Debug|Any CPU.Build.0 = Debug|Any CPU
		{510F4986-9E94-443B-B62F-F78F51962353}.Release|Any CPU.ActiveCfg = Release|Any CPU
		{510F4986-9E94-443B-B62F-F78F51962353}.Release|Any CPU.Build.0 = Release|Any CPU
		{F8BB0ADE-0098-4C92-BB07-7A3120302945}.Debug|Any CPU.ActiveCfg = Debug|Any CPU
		{F8BB0ADE-0098-4C92-BB07-7A3120302945}.Debug|Any CPU.Build.0 = Debug|Any CPU
		{F8BB0ADE-0098-4C92-BB07-7A3120302945}.Release|Any CPU.ActiveCfg = Release|Any CPU
		{F8BB0ADE-0098-4C92-BB07-7A3120302945}.Release|Any CPU.Build.0 = Release|Any CPU
		{8D232463-A55C-4ADE-AA9D-BF5C6F8AA111}.Debug|Any CPU.ActiveCfg = Debug|Any CPU
		{8D232463-A55C-4ADE-AA9D-BF5C6F8AA111}.Debug|Any CPU.Build.0 = Debug|Any CPU
		{8D232463-A55C-4ADE-AA9D-BF5C6F8AA111}.Release|Any CPU.ActiveCfg = Release|Any CPU
		{8D232463-A55C-4ADE-AA9D-BF5C6F8AA111}.Release|Any CPU.Build.0 = Release|Any CPU
		{18340A1B-B3F8-4806-A208-508F59FB8A07}.Debug|Any CPU.ActiveCfg = Debug|Any CPU
		{18340A1B-B3F8-4806-A208-508F59FB8A07}.Debug|Any CPU.Build.0 = Debug|Any CPU
		{18340A1B-B3F8-4806-A208-508F59FB8A07}.Release|Any CPU.ActiveCfg = Release|Any CPU
		{18340A1B-B3F8-4806-A208-508F59FB8A07}.Release|Any CPU.Build.0 = Release|Any CPU
	EndGlobalSection
	GlobalSection(SolutionProperties) = preSolution
		HideSolutionNode = FALSE
	EndGlobalSection
	GlobalSection(ExtensibilityGlobals) = postSolution
		SolutionGuid = {64460638-751D-4A15-8ABD-F61D931D09EC}
	EndGlobalSection
EndGlobal
